
Microsoft Visual Studio Solution File, Format Version 12.00
# Visual Studio Version 16
VisualStudioVersion = 16.0.32002.261
MinimumVisualStudioVersion = 10.0.40219.1
Project("{FAE04EC0-301F-11D3-BF4B-00C04F79EFBC}") = "c-sharp-odev-class1", "c-sharp-odev-class1.csproj", "{266337AE-D2D2-487B-9643-B836AF59B46E}"
EndProject
Global
	GlobalSection(SolutionConfigurationPlatforms) = preSolution
		Debug|Any CPU = Debug|Any CPU
		Release|Any CPU = Release|Any CPU
	EndGlobalSection
	GlobalSection(ProjectConfigurationPlatforms) = postSolution
		{266337AE-D2D2-487B-9643-B836AF59B46E}.Debug|Any CPU.ActiveCfg = Debug|Any CPU
		{266337AE-D2D2-487B-9643-B836AF59B46E}.Debug|Any CPU.Build.0 = Debug|Any CPU
		{266337AE-D2D2-487B-9643-B836AF59B46E}.Release|Any CPU.ActiveCfg = Release|Any CPU
		{266337AE-D2D2-487B-9643-B836AF59B46E}.Release|Any CPU.Build.0 = Release|Any CPU
	EndGlobalSection
	GlobalSection(SolutionProperties) = preSolution
		HideSolutionNode = FALSE
	EndGlobalSection
	GlobalSection(ExtensibilityGlobals) = postSolution
		SolutionGuid = {2AA5FE09-6A34-4648-AB1B-C75423397A27}
	EndGlobalSection
EndGlobal
